
Microsoft Visual Studio Solution File, Format Version 12.00
# Visual Studio 15
VisualStudioVersion = 15.0.28010.2026
MinimumVisualStudioVersion = 10.0.40219.1
Project("{8BC9CEB8-8B4A-11D0-8D11-00A0C91BC942}") = "gra_w_pana", "gra_w_pana.vcxproj", "{B1470910-CE0E-4048-9AB4-3BE06A0A17C1}"
EndProject
Global
	GlobalSection(SolutionConfigurationPlatforms) = preSolution
		Debug|x64 = Debug|x64
		Debug|x86 = Debug|x86
		Release|x64 = Release|x64
		Release|x86 = Release|x86
	EndGlobalSection
	GlobalSection(ProjectConfigurationPlatforms) = postSolution
		{B1470910-CE0E-4048-9AB4-3BE06A0A17C1}.Debug|x64.ActiveCfg = Debug|x64
		{B1470910-CE0E-4048-9AB4-3BE06A0A17C1}.Debug|x64.Build.0 = Debug|x64
		{B1470910-CE0E-4048-9AB4-3BE06A0A17C1}.Debug|x86.ActiveCfg = Debug|Win32
		{B1470910-CE0E-4048-9AB4-3BE06A0A17C1}.Debug|x86.Build.0 = Debug|Win32
		{B1470910-CE0E-4048-9AB4-3BE06A0A17C1}.Release|x64.ActiveCfg = Release|x64
		{B1470910-CE0E-4048-9AB4-3BE06A0A17C1}.Release|x64.Build.0 = Release|x64
		{B1470910-CE0E-4048-9AB4-3BE06A0A17C1}.Release|x86.ActiveCfg = Release|Win32
		{B1470910-CE0E-4048-9AB4-3BE06A0A17C1}.Release|x86.Build.0 = Release|Win32
	EndGlobalSection
	GlobalSection(SolutionProperties) = preSolution
		HideSolutionNode = FALSE
	EndGlobalSection
	GlobalSection(ExtensibilityGlobals) = postSolution
		SolutionGuid = {8BE07F0F-0782-420A-8B9C-D11C84AC2C74}
	EndGlobalSection
EndGlobal
