
Microsoft Visual Studio Solution File, Format Version 12.00
# Visual Studio 15
VisualStudioVersion = 15.0.28010.2026
MinimumVisualStudioVersion = 10.0.40219.1
Project("{8BC9CEB8-8B4A-11D0-8D11-00A0C91BC942}") = "gra_w_pana", "gra_w_pana.vcxproj", "{B1470910-CE0E-4048-9AB4-3BE06A0A17C1}"
	ProjectSection(ProjectDependencies) = postProject
		{75A502C8-D3C6-446A-A56E-E342B3D44473} = {75A502C8-D3C6-446A-A56E-E342B3D44473}
	EndProjectSection
EndProject
Project("{8BC9CEB8-8B4A-11D0-8D11-00A0C91BC942}") = "UnitTests", "UnitTests\UnitTests.vcxproj", "{7A2D3301-BDA1-4425-8784-F5C3AE98AA27}"
EndProject
Project("{8BC9CEB8-8B4A-11D0-8D11-00A0C91BC942}") = "GraWPanaZasady", "GraWPanaZasady\GraWPanaZasady.vcxproj", "{75A502C8-D3C6-446A-A56E-E342B3D44473}"
EndProject
Project("{8BC9CEB8-8B4A-11D0-8D11-00A0C91BC942}") = "MinMaxABPlayer", "MinMaxABPlayer\MinMaxABPlayer.vcxproj", "{3C7C3F6D-CA4F-44BF-9067-FDC06CF669C7}"
EndProject
Global
	GlobalSection(SolutionConfigurationPlatforms) = preSolution
		Debug|x64 = Debug|x64
		Debug|x86 = Debug|x86
		Release|x64 = Release|x64
		Release|x86 = Release|x86
	EndGlobalSection
	GlobalSection(ProjectConfigurationPlatforms) = postSolution
		{B1470910-CE0E-4048-9AB4-3BE06A0A17C1}.Debug|x64.ActiveCfg = Debug|x64
		{B1470910-CE0E-4048-9AB4-3BE06A0A17C1}.Debug|x64.Build.0 = Debug|x64
		{B1470910-CE0E-4048-9AB4-3BE06A0A17C1}.Debug|x86.ActiveCfg = Debug|Win32
		{B1470910-CE0E-4048-9AB4-3BE06A0A17C1}.Debug|x86.Build.0 = Debug|Win32
		{B1470910-CE0E-4048-9AB4-3BE06A0A17C1}.Release|x64.ActiveCfg = Release|x64
		{B1470910-CE0E-4048-9AB4-3BE06A0A17C1}.Release|x64.Build.0 = Release|x64
		{B1470910-CE0E-4048-9AB4-3BE06A0A17C1}.Release|x86.ActiveCfg = Release|Win32
		{B1470910-CE0E-4048-9AB4-3BE06A0A17C1}.Release|x86.Build.0 = Release|Win32
		{7A2D3301-BDA1-4425-8784-F5C3AE98AA27}.Debug|x64.ActiveCfg = Debug|x64
		{7A2D3301-BDA1-4425-8784-F5C3AE98AA27}.Debug|x64.Build.0 = Debug|x64
		{7A2D3301-BDA1-4425-8784-F5C3AE98AA27}.Debug|x86.ActiveCfg = Debug|Win32
		{7A2D3301-BDA1-4425-8784-F5C3AE98AA27}.Debug|x86.Build.0 = Debug|Win32
		{7A2D3301-BDA1-4425-8784-F5C3AE98AA27}.Release|x64.ActiveCfg = Release|x64
		{7A2D3301-BDA1-4425-8784-F5C3AE98AA27}.Release|x64.Build.0 = Release|x64
		{7A2D3301-BDA1-4425-8784-F5C3AE98AA27}.Release|x86.ActiveCfg = Release|Win32
		{7A2D3301-BDA1-4425-8784-F5C3AE98AA27}.Release|x86.Build.0 = Release|Win32
		{75A502C8-D3C6-446A-A56E-E342B3D44473}.Debug|x64.ActiveCfg = Debug|x64
		{75A502C8-D3C6-446A-A56E-E342B3D44473}.Debug|x64.Build.0 = Debug|x64
		{75A502C8-D3C6-446A-A56E-E342B3D44473}.Debug|x86.ActiveCfg = Debug|Win32
		{75A502C8-D3C6-446A-A56E-E342B3D44473}.Debug|x86.Build.0 = Debug|Win32
		{75A502C8-D3C6-446A-A56E-E342B3D44473}.Release|x64.ActiveCfg = Release|x64
		{75A502C8-D3C6-446A-A56E-E342B3D44473}.Release|x64.Build.0 = Release|x64
		{75A502C8-D3C6-446A-A56E-E342B3D44473}.Release|x86.ActiveCfg = Release|Win32
		{75A502C8-D3C6-446A-A56E-E342B3D44473}.Release|x86.Build.0 = Release|Win32
		{3C7C3F6D-CA4F-44BF-9067-FDC06CF669C7}.Debug|x64.ActiveCfg = Debug|x64
		{3C7C3F6D-CA4F-44BF-9067-FDC06CF669C7}.Debug|x64.Build.0 = Debug|x64
		{3C7C3F6D-CA4F-44BF-9067-FDC06CF669C7}.Debug|x86.ActiveCfg = Debug|Win32
		{3C7C3F6D-CA4F-44BF-9067-FDC06CF669C7}.Debug|x86.Build.0 = Debug|Win32
		{3C7C3F6D-CA4F-44BF-9067-FDC06CF669C7}.Release|x64.ActiveCfg = Release|x64
		{3C7C3F6D-CA4F-44BF-9067-FDC06CF669C7}.Release|x64.Build.0 = Release|x64
		{3C7C3F6D-CA4F-44BF-9067-FDC06CF669C7}.Release|x86.ActiveCfg = Release|Win32
		{3C7C3F6D-CA4F-44BF-9067-FDC06CF669C7}.Release|x86.Build.0 = Release|Win32
	EndGlobalSection
	GlobalSection(SolutionProperties) = preSolution
		HideSolutionNode = FALSE
	EndGlobalSection
	GlobalSection(ExtensibilityGlobals) = postSolution
		SolutionGuid = {8BE07F0F-0782-420A-8B9C-D11C84AC2C74}
	EndGlobalSection
EndGlobal
